
Microsoft Visual Studio Solution File, Format Version 12.00
# Visual Studio Version 16
VisualStudioVersion = 16.0.30804.86
MinimumVisualStudioVersion = 10.0.40219.1
Project("{FAE04EC0-301F-11D3-BF4B-00C04F79EFBC}") = "Projekt_GUI", "Projekt_GUI\Projekt_GUI.csproj", "{64DFDE10-4BCF-4C30-A0C2-AA4E6282C43A}"
EndProject
Global
	GlobalSection(SolutionConfigurationPlatforms) = preSolution
		Debug|Any CPU = Debug|Any CPU
		Release|Any CPU = Release|Any CPU
	EndGlobalSection
	GlobalSection(ProjectConfigurationPlatforms) = postSolution
		{64DFDE10-4BCF-4C30-A0C2-AA4E6282C43A}.Debug|Any CPU.ActiveCfg = Debug|Any CPU
		{64DFDE10-4BCF-4C30-A0C2-AA4E6282C43A}.Debug|Any CPU.Build.0 = Debug|Any CPU
		{64DFDE10-4BCF-4C30-A0C2-AA4E6282C43A}.Release|Any CPU.ActiveCfg = Release|Any CPU
		{64DFDE10-4BCF-4C30-A0C2-AA4E6282C43A}.Release|Any CPU.Build.0 = Release|Any CPU
	EndGlobalSection
	GlobalSection(SolutionProperties) = preSolution
		HideSolutionNode = FALSE
	EndGlobalSection
	GlobalSection(ExtensibilityGlobals) = postSolution
		SolutionGuid = {8EEF4A00-8846-45C3-BD7A-9167BE27A775}
	EndGlobalSection
EndGlobal
